Microsoft Visual Studio Solution File, Format Version 12.00
# Visual Studio 2012
Project("{FAE04EC0-301F-11D3-BF4B-00C04F79EFBC}") = "Puzzle", "Puzzle.csproj", "{25A99E2A-DC22-41D7-9F0F-86888C37B369}"
EndProject
Global
	GlobalSection(SolutionConfigurationPlatforms) = preSolution
	Debug|Any CPU = Debug|Any CPU
	ExportDebug|Any CPU = ExportDebug|Any CPU
	ExportRelease|Any CPU = ExportRelease|Any CPU
	EndGlobalSection
	GlobalSection(ProjectConfigurationPlatforms) = postSolution
		{25A99E2A-DC22-41D7-9F0F-86888C37B369}.Debug|Any CPU.ActiveCfg = Debug|Any CPU
		{25A99E2A-DC22-41D7-9F0F-86888C37B369}.Debug|Any CPU.Build.0 = Debug|Any CPU
		{25A99E2A-DC22-41D7-9F0F-86888C37B369}.ExportDebug|Any CPU.ActiveCfg = ExportDebug|Any CPU
		{25A99E2A-DC22-41D7-9F0F-86888C37B369}.ExportDebug|Any CPU.Build.0 = ExportDebug|Any CPU
		{25A99E2A-DC22-41D7-9F0F-86888C37B369}.ExportRelease|Any CPU.ActiveCfg = ExportRelease|Any CPU
		{25A99E2A-DC22-41D7-9F0F-86888C37B369}.ExportRelease|Any CPU.Build.0 = ExportRelease|Any CPU
	EndGlobalSection
EndGlobal
